
Microsoft Visual Studio Solution File, Format Version 12.00
# Visual Studio Version 18
VisualStudioVersion = 18.0.11205.157 d18.0
MinimumVisualStudioVersion = 10.0.40219.1
Project("{2150E333-8FDC-42A3-9474-1A3956D46DE8}") = "src", "src", "{827E0CD3-B72D-47B6-A68D-7590B98EB39B}"
EndProject
Project("{FAE04EC0-301F-11D3-BF4B-00C04F79EFBC}") = "CvModels", "src\CvModels\CvModels.csproj", "{52717475-1B77-5FBA-C80C-3DC004EEC998}"
EndProject
Project("{FAE04EC0-301F-11D3-BF4B-00C04F79EFBC}") = "CvApi", "src\CvApi\CvApi.csproj", "{9B2E24A6-197B-4DC5-8477-7D2536AA8957}"
EndProject
Global
	GlobalSection(SolutionConfigurationPlatforms) = preSolution
		Debug|Any CPU = Debug|Any CPU
		Debug|x64 = Debug|x64
		Debug|x86 = Debug|x86
		Release|Any CPU = Release|Any CPU
		Release|x64 = Release|x64
		Release|x86 = Release|x86
	EndGlobalSection
	GlobalSection(ProjectConfigurationPlatforms) = postSolution
		{52717475-1B77-5FBA-C80C-3DC004EEC998}.Debug|Any CPU.ActiveCfg = Debug|Any CPU
		{52717475-1B77-5FBA-C80C-3DC004EEC998}.Debug|Any CPU.Build.0 = Debug|Any CPU
		{52717475-1B77-5FBA-C80C-3DC004EEC998}.Debug|x64.ActiveCfg = Debug|Any CPU
		{52717475-1B77-5FBA-C80C-3DC004EEC998}.Debug|x64.Build.0 = Debug|Any CPU
		{52717475-1B77-5FBA-C80C-3DC004EEC998}.Debug|x86.ActiveCfg = Debug|Any CPU
		{52717475-1B77-5FBA-C80C-3DC004EEC998}.Debug|x86.Build.0 = Debug|Any CPU
		{52717475-1B77-5FBA-C80C-3DC004EEC998}.Release|Any CPU.ActiveCfg = Release|Any CPU
		{52717475-1B77-5FBA-C80C-3DC004EEC998}.Release|Any CPU.Build.0 = Release|Any CPU
		{52717475-1B77-5FBA-C80C-3DC004EEC998}.Release|x64.ActiveCfg = Release|Any CPU
		{52717475-1B77-5FBA-C80C-3DC004EEC998}.Release|x64.Build.0 = Release|Any CPU
		{52717475-1B77-5FBA-C80C-3DC004EEC998}.Release|x86.ActiveCfg = Release|Any CPU
		{52717475-1B77-5FBA-C80C-3DC004EEC998}.Release|x86.Build.0 = Release|Any CPU
		{9B2E24A6-197B-4DC5-8477-7D2536AA8957}.Debug|Any CPU.ActiveCfg = Debug|Any CPU
		{9B2E24A6-197B-4DC5-8477-7D2536AA8957}.Debug|Any CPU.Build.0 = Debug|Any CPU
		{9B2E24A6-197B-4DC5-8477-7D2536AA8957}.Debug|x64.ActiveCfg = Debug|Any CPU
		{9B2E24A6-197B-4DC5-8477-7D2536AA8957}.Debug|x64.Build.0 = Debug|Any CPU
		{9B2E24A6-197B-4DC5-8477-7D2536AA8957}.Debug|x86.ActiveCfg = Debug|Any CPU
		{9B2E24A6-197B-4DC5-8477-7D2536AA8957}.Debug|x86.Build.0 = Debug|Any CPU
		{9B2E24A6-197B-4DC5-8477-7D2536AA8957}.Release|Any CPU.ActiveCfg = Release|Any CPU
		{9B2E24A6-197B-4DC5-8477-7D2536AA8957}.Release|Any CPU.Build.0 = Release|Any CPU
		{9B2E24A6-197B-4DC5-8477-7D2536AA8957}.Release|x64.ActiveCfg = Release|Any CPU
		{9B2E24A6-197B-4DC5-8477-7D2536AA8957}.Release|x64.Build.0 = Release|Any CPU
		{9B2E24A6-197B-4DC5-8477-7D2536AA8957}.Release|x86.ActiveCfg = Release|Any CPU
		{9B2E24A6-197B-4DC5-8477-7D2536AA8957}.Release|x86.Build.0 = Release|Any CPU
	EndGlobalSection
	GlobalSection(SolutionProperties) = preSolution
		HideSolutionNode = FALSE
	EndGlobalSection
	GlobalSection(NestedProjects) = preSolution
		{52717475-1B77-5FBA-C80C-3DC004EEC998} = {827E0CD3-B72D-47B6-A68D-7590B98EB39B}
		{9B2E24A6-197B-4DC5-8477-7D2536AA8957} = {827E0CD3-B72D-47B6-A68D-7590B98EB39B}
	EndGlobalSection
	GlobalSection(ExtensibilityGlobals) = postSolution
		SolutionGuid = {CB603A1F-3871-4167-9AF3-E109A9E5C5A5}
	EndGlobalSection
EndGlobal
